
Microsoft Visual Studio Solution File, Format Version 12.00
# Visual Studio Version 16
VisualStudioVersion = 16.0.32126.315
MinimumVisualStudioVersion = 10.0.40219.1
Project("{FAE04EC0-301F-11D3-BF4B-00C04F79EFBC}") = "JELOUANE TRAVAUX Application By JELOUANE Alale", "JELOUANE TRAVAUX Application By JELOUANE Alale\JELOUANE TRAVAUX Application By JELOUANE Alale.csproj", "{1DEA57C3-1B0A-42B7-ABCC-00DB02F37301}"
EndProject
Global
	GlobalSection(SolutionConfigurationPlatforms) = preSolution
		Debug|Any CPU = Debug|Any CPU
		Release|Any CPU = Release|Any CPU
	EndGlobalSection
	GlobalSection(ProjectConfigurationPlatforms) = postSolution
		{1DEA57C3-1B0A-42B7-ABCC-00DB02F37301}.Debug|Any CPU.ActiveCfg = Debug|Any CPU
		{1DEA57C3-1B0A-42B7-ABCC-00DB02F37301}.Debug|Any CPU.Build.0 = Debug|Any CPU
		{1DEA57C3-1B0A-42B7-ABCC-00DB02F37301}.Release|Any CPU.ActiveCfg = Release|Any CPU
		{1DEA57C3-1B0A-42B7-ABCC-00DB02F37301}.Release|Any CPU.Build.0 = Release|Any CPU
	EndGlobalSection
	GlobalSection(SolutionProperties) = preSolution
		HideSolutionNode = FALSE
	EndGlobalSection
	GlobalSection(ExtensibilityGlobals) = postSolution
		SolutionGuid = {640B9D14-D931-461F-BFC5-59CE5CCC241C}
	EndGlobalSection
EndGlobal
